
Microsoft Visual Studio Solution File, Format Version 12.00
# Visual Studio Version 17
VisualStudioVersion = 17.1.32319.34
MinimumVisualStudioVersion = 10.0.40219.1
Project("{FAE04EC0-301F-11D3-BF4B-00C04F79EFBC}") = "WindowsFormsNinject", "WindowsFormsNinject\WindowsFormsNinject.csproj", "{CEDB9025-5654-4A38-86F5-DE5AD127D72C}"
EndProject
Project("{2150E333-8FDC-42A3-9474-1A3956D46DE8}") = "Solution Items", "Solution Items", "{1A2F25F8-EE54-4A62-972E-8B62552AD3E8}"
	ProjectSection(SolutionItems) = preProject
		.gitattributes = .gitattributes
		.gitignore = .gitignore
		README.md = README.md
	EndProjectSection
EndProject
Global
	GlobalSection(SolutionConfigurationPlatforms) = preSolution
		Debug|Any CPU = Debug|Any CPU
		Release|Any CPU = Release|Any CPU
	EndGlobalSection
	GlobalSection(ProjectConfigurationPlatforms) = postSolution
		{CEDB9025-5654-4A38-86F5-DE5AD127D72C}.Debug|Any CPU.ActiveCfg = Debug|Any CPU
		{CEDB9025-5654-4A38-86F5-DE5AD127D72C}.Debug|Any CPU.Build.0 = Debug|Any CPU
		{CEDB9025-5654-4A38-86F5-DE5AD127D72C}.Release|Any CPU.ActiveCfg = Release|Any CPU
		{CEDB9025-5654-4A38-86F5-DE5AD127D72C}.Release|Any CPU.Build.0 = Release|Any CPU
	EndGlobalSection
	GlobalSection(SolutionProperties) = preSolution
		HideSolutionNode = FALSE
	EndGlobalSection
	GlobalSection(ExtensibilityGlobals) = postSolution
		SolutionGuid = {0527456A-C730-4BAA-ADB0-C2A09FFE7843}
	EndGlobalSection
EndGlobal
